// !$*UTF8*$!
{
	archiveVersion = 1;
	classes = {
	};
	objectVersion = 56;
	objects = {

/* Begin PBXBuildFile section */
		31FB38DF2A67D1770052005E /* SwiftUI_iOS17_ExamplesApp.swift in Sources */ = {isa = PBXBuildFile; fileRef = 31FB38DE2A67D1770052005E /* SwiftUI_iOS17_ExamplesApp.swift */; };
		31FB38E12A67D1770052005E /* ContentView.swift in Sources */ = {isa = PBXBuildFile; fileRef = 31FB38E02A67D1770052005E /* ContentView.swift */; };
		31FB38E32A67D1770052005E /* Assets.xcassets in Resources */ = {isa = PBXBuildFile; fileRef = 31FB38E22A67D1770052005E /* Assets.xcassets */; };
		31FB38E62A67D1770052005E /* Preview Assets.xcassets in Resources */ = {isa = PBXBuildFile; fileRef = 31FB38E52A67D1770052005E /* Preview Assets.xcassets */; };
		31FB38EE2A67D1E20052005E /* HeartShapeAnimationView.swift in Sources */ = {isa = PBXBuildFile; fileRef = 31FB38ED2A67D1E20052005E /* HeartShapeAnimationView.swift */; };
		31FB38F02A67D39A0052005E /* AnimationWithExternalEventView.swift in Sources */ = {isa = PBXBuildFile; fileRef = 31FB38EF2A67D39A0052005E /* AnimationWithExternalEventView.swift */; };
		31FB38F22A67D4E50052005E /* AnimationWithKeyFrameView.swift in Sources */ = {isa = PBXBuildFile; fileRef = 31FB38F12A67D4E50052005E /* AnimationWithKeyFrameView.swift */; };
		31FB38F42A67D7090052005E /* ScrollViewExampleView.swift in Sources */ = {isa = PBXBuildFile; fileRef = 31FB38F32A67D7090052005E /* ScrollViewExampleView.swift */; };
/* End PBXBuildFile section */

/* Begin PBXFileReference section */
		31FB38DB2A67D1770052005E /* SwiftUI_iOS17_Examples.app */ = {isa = PBXFileReference; explicitFileType = wrapper.application; includeInIndex = 0; path = SwiftUI_iOS17_Examples.app; sourceTree = BUILT_PRODUCTS_DIR; };
		31FB38DE2A67D1770052005E /* SwiftUI_iOS17_ExamplesApp.swift */ = {isa = PBXFileReference; lastKnownFileType = sourcecode.swift; path = SwiftUI_iOS17_ExamplesApp.swift; sourceTree = "<group>"; };
		31FB38E02A67D1770052005E /* ContentView.swift */ = {isa = PBXFileReference; lastKnownFileType = sourcecode.swift; path = ContentView.swift; sourceTree = "<group>"; };
		31FB38E22A67D1770052005E /* Assets.xcassets */ = {isa = PBXFileReference; lastKnownFileType = folder.assetcatalog; path = Assets.xcassets; sourceTree = "<group>"; };
		31FB38E52A67D1770052005E /* Preview Assets.xcassets */ = {isa = PBXFileReference; lastKnownFileType = folder.assetcatalog; path = "Preview Assets.xcassets"; sourceTree = "<group>"; };
		31FB38ED2A67D1E20052005E /* HeartShapeAnimationView.swift */ = {isa = PBXFileReference; lastKnownFileType = sourcecode.swift; path = HeartShapeAnimationView.swift; sourceTree = "<group>"; };
		31FB38EF2A67D39A0052005E /* AnimationWithExternalEventView.swift */ = {isa = PBXFileReference; lastKnownFileType = sourcecode.swift; path = AnimationWithExternalEventView.swift; sourceTree = "<group>"; };
		31FB38F12A67D4E50052005E /* AnimationWithKeyFrameView.swift */ = {isa = PBXFileReference; lastKnownFileType = sourcecode.swift; path = AnimationWithKeyFrameView.swift; sourceTree = "<group>"; };
		31FB38F32A67D7090052005E /* ScrollViewExampleView.swift */ = {isa = PBXFileReference; lastKnownFileType = sourcecode.swift; path = ScrollViewExampleView.swift; sourceTree = "<group>"; };
/* End PBXFileReference section */

/* Begin PBXFrameworksBuildPhase section */
		31FB38D82A67D1770052005E /* Frameworks */ = {
			isa = PBXFrameworksBuildPhase;
			buildActionMask = 2147483647;
			files = (
			);
			runOnlyForDeploymentPostprocessing = 0;
		};
/* End PBXFrameworksBuildPhase section */

/* Begin PBXGroup section */
		31FB38D22A67D1770052005E = {
			isa = PBXGroup;
			children = (
				31FB38DD2A67D1770052005E /* SwiftUI_iOS17_Examples */,
				31FB38DC2A67D1770052005E /* Products */,
			);
			sourceTree = "<group>";
		};
		31FB38DC2A67D1770052005E /* Products */ = {
			isa = PBXGroup;
			children = (
				31FB38DB2A67D1770052005E /* SwiftUI_iOS17_Examples.app */,
			);
			name = Products;
			sourceTree = "<group>";
		};
		31FB38DD2A67D1770052005E /* SwiftUI_iOS17_Examples */ = {
			isa = PBXGroup;
			children = (
				31FB38EC2A67D1A80052005E /* View */,
				31FB38DE2A67D1770052005E /* SwiftUI_iOS17_ExamplesApp.swift */,
				31FB38E02A67D1770052005E /* ContentView.swift */,
				31FB38E22A67D1770052005E /* Assets.xcassets */,
				31FB38E42A67D1770052005E /* Preview Content */,
			);
			path = SwiftUI_iOS17_Examples;
			sourceTree = "<group>";
		};
		31FB38E42A67D1770052005E /* Preview Content */ = {
			isa = PBXGroup;
			children = (
				31FB38E52A67D1770052005E /* Preview Assets.xcassets */,
			);
			path = "Preview Content";
			sourceTree = "<group>";
		};
		31FB38EC2A67D1A80052005E /* View */ = {
			isa = PBXGroup;
			children = (
				31FB38ED2A67D1E20052005E /* HeartShapeAnimationView.swift */,
				31FB38EF2A67D39A0052005E /* AnimationWithExternalEventView.swift */,
				31FB38F12A67D4E50052005E /* AnimationWithKeyFrameView.swift */,
				31FB38F32A67D7090052005E /* ScrollViewExampleView.swift */,
			);
			path = View;
			sourceTree = "<group>";
		};
/* End PBXGroup section */

/* Begin PBXNativeTarget section */
		31FB38DA2A67D1770052005E /* SwiftUI_iOS17_Examples */ = {
			isa = PBXNativeTarget;
			buildConfigurationList = 31FB38E92A67D1770052005E /* Build configuration list for PBXNativeTarget "SwiftUI_iOS17_Examples" */;
			buildPhases = (
				31FB38D72A67D1770052005E /* Sources */,
				31FB38D82A67D1770052005E /* Frameworks */,
				31FB38D92A67D1770052005E /* Resources */,
			);
			buildRules = (
			);
			dependencies = (
			);
			name = SwiftUI_iOS17_Examples;
			productName = SwiftUI_iOS17_Examples;
			productReference = 31FB38DB2A67D1770052005E /* SwiftUI_iOS17_Examples.app */;
			productType = "com.apple.product-type.application";
		};
/* End PBXNativeTarget section */

/* Begin PBXProject section */
		31FB38D32A67D1770052005E /* Project object */ = {
			isa = PBXProject;
			attributes = {
				BuildIndependentTargetsInParallel = 1;
				LastSwiftUpdateCheck = 1500;
				LastUpgradeCheck = 1500;
				TargetAttributes = {
					31FB38DA2A67D1770052005E = {
						CreatedOnToolsVersion = 15.0;
					};
				};
			};
			buildConfigurationList = 31FB38D62A67D1770052005E /* Build configuration list for PBXProject "SwiftUI_iOS17_Examples" */;
			compatibilityVersion = "Xcode 14.0";
			developmentRegion = en;
			hasScannedForEncodings = 0;
			knownRegions = (
				en,
				Base,
			);
			mainGroup = 31FB38D22A67D1770052005E;
			productRefGroup = 31FB38DC2A67D1770052005E /* Products */;
			projectDirPath = "";
			projectRoot = "";
			targets = (
				31FB38DA2A67D1770052005E /* SwiftUI_iOS17_Examples */,
			);
		};
/* End PBXProject section */

/* Begin PBXResourcesBuildPhase section */
		31FB38D92A67D1770052005E /* Resources */ = {
			isa = PBXResourcesBuildPhase;
			buildActionMask = 2147483647;
			files = (
				31FB38E62A67D1770052005E /* Preview Assets.xcassets in Resources */,
				31FB38E32A67D1770052005E /* Assets.xcassets in Resources */,
			);
			runOnlyForDeploymentPostprocessing = 0;
		};
/* End PBXResourcesBuildPhase section */

/* Begin PBXSourcesBuildPhase section */
		31FB38D72A67D1770052005E /* Sources */ = {
			isa = PBXSourcesBuildPhase;
			buildActionMask = 2147483647;
			files = (
				31FB38EE2A67D1E20052005E /* HeartShapeAnimationView.swift in Sources */,
				31FB38F22A67D4E50052005E /* AnimationWithKeyFrameView.swift in Sources */,
				31FB38E12A67D1770052005E /* ContentView.swift in Sources */,
				31FB38F42A67D7090052005E /* ScrollViewExampleView.swift in Sources */,
				31FB38DF2A67D1770052005E /* SwiftUI_iOS17_ExamplesApp.swift in Sources */,
				31FB38F02A67D39A0052005E /* AnimationWithExternalEventView.swift in Sources */,
			);
			runOnlyForDeploymentPostprocessing = 0;
		};
/* End PBXSourcesBuildPhase section */

/* Begin XCBuildConfiguration section */
		31FB38E72A67D1770052005E /* Debug */ = {
			isa = XCBuildConfiguration;
			buildSettings = {
				ALWAYS_SEARCH_USER_PATHS = NO;
				ASSETCATALOG_COMPILER_GENERATE_SWIFT_ASSET_SYMBOL_EXTENSIONS = YES;
				CLANG_ANALYZER_NONNULL = YES;
				CLANG_ANALYZER_NUMBER_OBJECT_CONVERSION = YES_AGGRESSIVE;
				CLANG_CXX_LANGUAGE_STANDARD = "gnu++20";
				CLANG_ENABLE_MODULES = YES;
				CLANG_ENABLE_OBJC_ARC = YES;
				CLANG_ENABLE_OBJC_WEAK = YES;
				CLANG_WARN_BLOCK_CAPTURE_AUTORELEASING = YES;
				CLANG_WARN_BOOL_CONVERSION = YES;
				CLANG_WARN_COMMA = YES;
				CLANG_WARN_CONSTANT_CONVERSION = YES;
				CLANG_WARN_DEPRECATED_OBJC_IMPLEMENTATIONS = YES;
				CLANG_WARN_DIRECT_OBJC_ISA_USAGE = YES_ERROR;
				CLANG_WARN_DOCUMENTATION_COMMENTS = YES;
				CLANG_WARN_EMPTY_BODY = YES;
				CLANG_WARN_ENUM_CONVERSION = YES;
				CLANG_WARN_INFINITE_RECURSION = YES;
				CLANG_WARN_INT_CONVERSION = YES;
				CLANG_WARN_NON_LITERAL_NULL_CONVERSION = YES;
				CLANG_WARN_OBJC_IMPLICIT_RETAIN_SELF = YES;
				CLANG_WARN_OBJC_LITERAL_CONVERSION = YES;
				CLANG_WARN_OBJC_ROOT_CLASS = YES_ERROR;
				CLANG_WARN_QUOTED_INCLUDE_IN_FRAMEWORK_HEADER = YES;
				CLANG_WARN_RANGE_LOOP_ANALYSIS = YES;
				CLANG_WARN_STRICT_PROTOTYPES = YES;
				CLANG_WARN_SUSPICIOUS_MOVE = YES;
				CLANG_WARN_UNGUARDED_AVAILABILITY = YES_AGGRESSIVE;
				CLANG_WARN_UNREACHABLE_CODE = YES;
				CLANG_WARN__DUPLICATE_METHOD_MATCH = YES;
				COPY_PHASE_STRIP = NO;
				DEBUG_INFORMATION_FORMAT = dwarf;
				ENABLE_STRICT_OBJC_MSGSEND = YES;
				ENABLE_TESTABILITY = YES;
				ENABLE_USER_SCRIPT_SANDBOXING = YES;
				GCC_C_LANGUAGE_STANDARD = gnu17;
				GCC_DYNAMIC_NO_PIC = NO;
				GCC_NO_COMMON_BLOCKS = YES;
				GCC_OPTIMIZATION_LEVEL = 0;
				GCC_PREPROCESSOR_DEFINITIONS = (
					"DEBUG=1",
					"$(inherited)",
				);
				GCC_WARN_64_TO_32_BIT_CONVERSION = YES;
				GCC_WARN_ABOUT_RETURN_TYPE = YES_ERROR;
				GCC_WARN_UNDECLARED_SELECTOR = YES;
				GCC_WARN_UNINITIALIZED_AUTOS = YES_AGGRESSIVE;
				GCC_WARN_UNUSED_FUNCTION = YES;
				GCC_WARN_UNUSED_VARIABLE = YES;
				IPHONEOS_DEPLOYMENT_TARGET = 17.0;
				LOCALIZATION_PREFERS_STRING_CATALOGS = YES;
				MTL_ENABLE_DEBUG_INFO = INCLUDE_SOURCE;
				MTL_FAST_MATH = YES;
				ONLY_ACTIVE_ARCH = YES;
				SDKROOT = iphoneos;
				SWIFT_ACTIVE_COMPILATION_CONDITIONS = "DEBUG $(inherited)";
				SWIFT_OPTIMIZATION_LEVEL = "-Onone";
			};
			name = Debug;
		};
		31FB38E82A67D1770052005E /* Release */ = {
			isa = XCBuildConfiguration;
			buildSettings = {
				ALWAYS_SEARCH_USER_PATHS = NO;
				ASSETCATALOG_COMPILER_GENERATE_SWIFT_ASSET_SYMBOL_EXTENSIONS = YES;
				CLANG_ANALYZER_NONNULL = YES;
				CLANG_ANALYZER_NUMBER_OBJECT_CONVERSION = YES_AGGRESSIVE;
				CLANG_CXX_LANGUAGE_STANDARD = "gnu++20";
				CLANG_ENABLE_MODULES = YES;
				CLANG_ENABLE_OBJC_ARC = YES;
				CLANG_ENABLE_OBJC_WEAK = YES;
				CLANG_WARN_BLOCK_CAPTURE_AUTORELEASING = YES;
				CLANG_WARN_BOOL_CONVERSION = YES;
				CLANG_WARN_COMMA = YES;
				CLANG_WARN_CONSTANT_CONVERSION = YES;
				CLANG_WARN_DEPRECATED_OBJC_IMPLEMENTATIONS = YES;
				CLANG_WARN_DIRECT_OBJC_ISA_USAGE = YES_ERROR;
				CLANG_WARN_DOCUMENTATION_COMMENTS = YES;
				CLANG_WARN_EMPTY_BODY = YES;
				CLANG_WARN_ENUM_CONVERSION = YES;
				CLANG_WARN_INFINITE_RECURSION = YES;
				CLANG_WARN_INT_CONVERSION = YES;
				CLANG_WARN_NON_LITERAL_NULL_CONVERSION = YES;
				CLANG_WARN_OBJC_IMPLICIT_RETAIN_SELF = YES;
				CLANG_WARN_OBJC_LITERAL_CONVERSION = YES;
				CLANG_WARN_OBJC_ROOT_CLASS = YES_ERROR;
				CLANG_WARN_QUOTED_INCLUDE_IN_FRAMEWORK_HEADER = YES;
				CLANG_WARN_RANGE_LOOP_ANALYSIS = YES;
				CLANG_WARN_STRICT_PROTOTYPES = YES;
				CLANG_WARN_SUSPICIOUS_MOVE = YES;
				CLANG_WARN_UNGUARDED_AVAILABILITY = YES_AGGRESSIVE;
				CLANG_WARN_UNREACHABLE_CODE = YES;
				CLANG_WARN__DUPLICATE_METHOD_MATCH = YES;
				COPY_PHASE_STRIP = NO;
				DEBUG_INFORMATION_FORMAT = "dwarf-with-dsym";
				ENABLE_NS_ASSERTIONS = NO;
				ENABLE_STRICT_OBJC_MSGSEND = YES;
				ENABLE_USER_SCRIPT_SANDBOXING = YES;
				GCC_C_LANGUAGE_STANDARD = gnu17;
				GCC_NO_COMMON_BLOCKS = YES;
				GCC_WARN_64_TO_32_BIT_CONVERSION = YES;
				GCC_WARN_ABOUT_RETURN_TYPE = YES_ERROR;
				GCC_WARN_UNDECLARED_SELECTOR = YES;
				GCC_WARN_UNINITIALIZED_AUTOS = YES_AGGRESSIVE;
				GCC_WARN_UNUSED_FUNCTION = YES;
				GCC_WARN_UNUSED_VARIABLE = YES;
				IPHONEOS_DEPLOYMENT_TARGET = 17.0;
				LOCALIZATION_PREFERS_STRING_CATALOGS = YES;
				MTL_ENABLE_DEBUG_INFO = NO;
				MTL_FAST_MATH = YES;
				SDKROOT = iphoneos;
				SWIFT_COMPILATION_MODE = wholemodule;
				VALIDATE_PRODUCT = YES;
			};
			name = Release;
		};
		31FB38EA2A67D1770052005E /* Debug */ = {
			isa = XCBuildConfiguration;
			buildSettings = {
				ASSETCATALOG_COMPILER_APPICON_NAME = AppIcon;
				ASSETCATALOG_COMPILER_GLOBAL_ACCENT_COLOR_NAME = AccentColor;
				CODE_SIGN_STYLE = Automatic;
				CURRENT_PROJECT_VERSION = 1;
				DEVELOPMENT_ASSET_PATHS = "\"SwiftUI_iOS17_Examples/Preview Content\"";
				ENABLE_PREVIEWS = YES;
				GENERATE_INFOPLIST_FILE = YES;
				INFOPLIST_KEY_UIApplicationSceneManifest_Generation = YES;
				INFOPLIST_KEY_UIApplicationSupportsIndirectInputEvents = YES;
				INFOPLIST_KEY_UILaunchScreen_Generation = YES;
				INFOPLIST_KEY_UISupportedInterfaceOrientations_iPad = "UIInterfaceOrientationPortrait UIInterfaceOrientationPortraitUpsideDown UIInterfaceOrientationLandscapeLeft UIInterfaceOrientationLandscapeRight";
				INFOPLIST_KEY_UISupportedInterfaceOrientations_iPhone = "UIInterfaceOrientationPortrait UIInterfaceOrientationLandscapeLeft UIInterfaceOrientationLandscapeRight";
				LD_RUNPATH_SEARCH_PATHS = (
					"$(inherited)",
					"@executable_path/Frameworks",
				);
				MARKETING_VERSION = 1.0;
				PRODUCT_BUNDLE_IDENTIFIER = "com.yourcompany.SwiftUI-iOS17-Examples";
				PRODUCT_NAME = "$(TARGET_NAME)";
				SWIFT_EMIT_LOC_STRINGS = YES;
				SWIFT_VERSION = 5.0;
				TARGETED_DEVICE_FAMILY = "1,2";
			};
			name = Debug;
		};
		31FB38EB2A67D1770052005E /* Release */ = {
			isa = XCBuildConfiguration;
			buildSettings = {
				ASSETCATALOG_COMPILER_APPICON_NAME = AppIcon;
				ASSETCATALOG_COMPILER_GLOBAL_ACCENT_COLOR_NAME = AccentColor;
				CODE_SIGN_STYLE = Automatic;
				CURRENT_PROJECT_VERSION = 1;
				DEVELOPMENT_ASSET_PATHS = "\"SwiftUI_iOS17_Examples/Preview Content\"";
				ENABLE_PREVIEWS = YES;
				GENERATE_INFOPLIST_FILE = YES;
				INFOPLIST_KEY_UIApplicationSceneManifest_Generation = YES;
				INFOPLIST_KEY_UIApplicationSupportsIndirectInputEvents = YES;
				INFOPLIST_KEY_UILaunchScreen_Generation = YES;
				INFOPLIST_KEY_UISupportedInterfaceOrientations_iPad = "UIInterfaceOrientationPortrait UIInterfaceOrientationPortraitUpsideDown UIInterfaceOrientationLandscapeLeft UIInterfaceOrientationLandscapeRight";
				INFOPLIST_KEY_UISupportedInterfaceOrientations_iPhone = "UIInterfaceOrientationPortrait UIInterfaceOrientationLandscapeLeft UIInterfaceOrientationLandscapeRight";
				LD_RUNPATH_SEARCH_PATHS = (
					"$(inherited)",
					"@executable_path/Frameworks",
				);
				MARKETING_VERSION = 1.0;
				PRODUCT_BUNDLE_IDENTIFIER = "com.yourcompany.SwiftUI-iOS17-Examples";
				PRODUCT_NAME = "$(TARGET_NAME)";
				SWIFT_EMIT_LOC_STRINGS = YES;
				SWIFT_VERSION = 5.0;
				TARGETED_DEVICE_FAMILY = "1,2";
			};
			name = Release;
		};
/* End XCBuildConfiguration section */

/* Begin XCConfigurationList section */
		31FB38D62A67D1770052005E /* Build configuration list for PBXProject "SwiftUI_iOS17_Examples" */ = {
			isa = XCConfigurationList;
			buildConfigurations = (
				31FB38E72A67D1770052005E /* Debug */,
				31FB38E82A67D1770052005E /* Release */,
			);
			defaultConfigurationIsVisible = 0;
			defaultConfigurationName = Release;
		};
		31FB38E92A67D1770052005E /* Build configuration list for PBXNativeTarget "SwiftUI_iOS17_Examples" */ = {
			isa = XCConfigurationList;
			buildConfigurations = (
				31FB38EA2A67D1770052005E /* Debug */,
				31FB38EB2A67D1770052005E /* Release */,
			);
			defaultConfigurationIsVisible = 0;
			defaultConfigurationName = Release;
		};
/* End XCConfigurationList section */
	};
	rootObject = 31FB38D32A67D1770052005E /* Project object */;
}
